
Microsoft Visual Studio Solution File, Format Version 12.00
# Visual Studio Version 16
VisualStudioVersion = 16.0.31105.61
MinimumVisualStudioVersion = 10.0.40219.1
Project("{9A19103F-16F7-4668-BE54-9A1E7A4F7556}") = "ShelfExample", "ShelfExample\ShelfExample.csproj", "{0CE95536-358F-4561-99A3-9AD078109463}"
EndProject
Project("{9A19103F-16F7-4668-BE54-9A1E7A4F7556}") = "ExampleGateway", "ExampleGateway\ExampleGateway.csproj", "{202D2754-8107-497B-9AB9-C065E21CFD61}"
EndProject
Project("{9A19103F-16F7-4668-BE54-9A1E7A4F7556}") = "ExampleUsage", "ExampleUsage\ExampleUsage.csproj", "{DC7FA764-600D-498D-AD06-BD4C0FFE2B76}"
EndProject
Global
	GlobalSection(SolutionConfigurationPlatforms) = preSolution
		Debug|Any CPU = Debug|Any CPU
		Release|Any CPU = Release|Any CPU
	EndGlobalSection
	GlobalSection(ProjectConfigurationPlatforms) = postSolution
		{0CE95536-358F-4561-99A3-9AD078109463}.Debug|Any CPU.ActiveCfg = Debug|Any CPU
		{0CE95536-358F-4561-99A3-9AD078109463}.Debug|Any CPU.Build.0 = Debug|Any CPU
		{0CE95536-358F-4561-99A3-9AD078109463}.Release|Any CPU.ActiveCfg = Release|Any CPU
		{0CE95536-358F-4561-99A3-9AD078109463}.Release|Any CPU.Build.0 = Release|Any CPU
		{202D2754-8107-497B-9AB9-C065E21CFD61}.Debug|Any CPU.ActiveCfg = Debug|Any CPU
		{202D2754-8107-497B-9AB9-C065E21CFD61}.Debug|Any CPU.Build.0 = Debug|Any CPU
		{202D2754-8107-497B-9AB9-C065E21CFD61}.Release|Any CPU.ActiveCfg = Release|Any CPU
		{202D2754-8107-497B-9AB9-C065E21CFD61}.Release|Any CPU.Build.0 = Release|Any CPU
		{DC7FA764-600D-498D-AD06-BD4C0FFE2B76}.Debug|Any CPU.ActiveCfg = Debug|Any CPU
		{DC7FA764-600D-498D-AD06-BD4C0FFE2B76}.Debug|Any CPU.Build.0 = Debug|Any CPU
		{DC7FA764-600D-498D-AD06-BD4C0FFE2B76}.Release|Any CPU.ActiveCfg = Release|Any CPU
		{DC7FA764-600D-498D-AD06-BD4C0FFE2B76}.Release|Any CPU.Build.0 = Release|Any CPU
	EndGlobalSection
	GlobalSection(SolutionProperties) = preSolution
		HideSolutionNode = FALSE
	EndGlobalSection
	GlobalSection(ExtensibilityGlobals) = postSolution
		SolutionGuid = {C77C26BE-E878-4532-B8E7-2743C4598823}
	EndGlobalSection
EndGlobal
